
Microsoft Visual Studio Solution File, Format Version 12.00
# Visual Studio Version 17
VisualStudioVersion = 17.3.376.3011
MinimumVisualStudioVersion = 10.0.40219.1
Project("{9A19103F-16F7-4668-BE54-9A1E7A4F7556}") = "microservice_1", "microservice_1\microservice_1.csproj", "{CAA88E12-45E4-4A73-9111-90B1F491D111}"
EndProject
Project("{9A19103F-16F7-4668-BE54-9A1E7A4F7556}") = "microservice_1.Tests", "Tests\microservice_1.Tests\microservice_1.Tests.csproj", "{EF6AD9DB-7D17-4405-9411-4B87EB3FE672}"
EndProject
Global
	GlobalSection(SolutionConfigurationPlatforms) = preSolution
		Debug|Any CPU = Debug|Any CPU
		Release|Any CPU = Release|Any CPU
	EndGlobalSection
	GlobalSection(ProjectConfigurationPlatforms) = postSolution
		{CAA88E12-45E4-4A73-9111-90B1F491D111}.Debug|Any CPU.ActiveCfg = Debug|Any CPU
		{CAA88E12-45E4-4A73-9111-90B1F491D111}.Debug|Any CPU.Build.0 = Debug|Any CPU
		{CAA88E12-45E4-4A73-9111-90B1F491D111}.Release|Any CPU.ActiveCfg = Release|Any CPU
		{CAA88E12-45E4-4A73-9111-90B1F491D111}.Release|Any CPU.Build.0 = Release|Any CPU
		{EF6AD9DB-7D17-4405-9411-4B87EB3FE672}.Debug|Any CPU.ActiveCfg = Debug|Any CPU
		{EF6AD9DB-7D17-4405-9411-4B87EB3FE672}.Debug|Any CPU.Build.0 = Debug|Any CPU
		{EF6AD9DB-7D17-4405-9411-4B87EB3FE672}.Release|Any CPU.ActiveCfg = Release|Any CPU
		{EF6AD9DB-7D17-4405-9411-4B87EB3FE672}.Release|Any CPU.Build.0 = Release|Any CPU
	EndGlobalSection
	GlobalSection(SolutionProperties) = preSolution
		HideSolutionNode = FALSE
	EndGlobalSection
	GlobalSection(ExtensibilityGlobals) = postSolution
		SolutionGuid = {E77FA2A8-9EF9-4343-A545-5C6363655C44}
	EndGlobalSection
EndGlobal
